
Microsoft Visual Studio Solution File, Format Version 12.00
# Visual Studio Version 17
VisualStudioVersion = 17.10.35013.160
MinimumVisualStudioVersion = 10.0.40219.1
Project("{FAE04EC0-301F-11D3-BF4B-00C04F79EFBC}") = "project game c sharp 2", "project game c sharp 2\project game c sharp 2.csproj", "{6A5A9AB4-97CE-4606-9782-EB71574F7C4E}"
EndProject
Global
	GlobalSection(SolutionConfigurationPlatforms) = preSolution
		Debug|Any CPU = Debug|Any CPU
		Release|Any CPU = Release|Any CPU
	EndGlobalSection
	GlobalSection(ProjectConfigurationPlatforms) = postSolution
		{6A5A9AB4-97CE-4606-9782-EB71574F7C4E}.Debug|Any CPU.ActiveCfg = Debug|Any CPU
		{6A5A9AB4-97CE-4606-9782-EB71574F7C4E}.Debug|Any CPU.Build.0 = Debug|Any CPU
		{6A5A9AB4-97CE-4606-9782-EB71574F7C4E}.Release|Any CPU.ActiveCfg = Release|Any CPU
		{6A5A9AB4-97CE-4606-9782-EB71574F7C4E}.Release|Any CPU.Build.0 = Release|Any CPU
	EndGlobalSection
	GlobalSection(SolutionProperties) = preSolution
		HideSolutionNode = FALSE
	EndGlobalSection
	GlobalSection(ExtensibilityGlobals) = postSolution
		SolutionGuid = {116E8922-68C6-429A-8A4A-0BB0DEE7C94C}
	EndGlobalSection
EndGlobal
